
Microsoft Visual Studio Solution File, Format Version 12.00
# Visual Studio 15
VisualStudioVersion = 15.0.28307.329
MinimumVisualStudioVersion = 10.0.40219.1
Project("{9A19103F-16F7-4668-BE54-9A1E7A4F7556}") = "Degage", "Degage\Degage.csproj", "{201825F8-63CA-43E1-8E27-D09A9DFCA9A9}"
EndProject
Project("{FAE04EC0-301F-11D3-BF4B-00C04F79EFBC}") = "Degage.TestUnit", "Degage.TestUnit\Degage.TestUnit.csproj", "{6E27EED0-BA0E-490F-BA04-0C5A4455EF8E}"
EndProject
Global
	GlobalSection(SolutionConfigurationPlatforms) = preSolution
		Debug|Any CPU = Debug|Any CPU
		Release|Any CPU = Release|Any CPU
	EndGlobalSection
	GlobalSection(ProjectConfigurationPlatforms) = postSolution
		{201825F8-63CA-43E1-8E27-D09A9DFCA9A9}.Debug|Any CPU.ActiveCfg = Debug|Any CPU
		{201825F8-63CA-43E1-8E27-D09A9DFCA9A9}.Debug|Any CPU.Build.0 = Debug|Any CPU
		{201825F8-63CA-43E1-8E27-D09A9DFCA9A9}.Release|Any CPU.ActiveCfg = Release|Any CPU
		{201825F8-63CA-43E1-8E27-D09A9DFCA9A9}.Release|Any CPU.Build.0 = Release|Any CPU
		{6E27EED0-BA0E-490F-BA04-0C5A4455EF8E}.Debug|Any CPU.ActiveCfg = Debug|Any CPU
		{6E27EED0-BA0E-490F-BA04-0C5A4455EF8E}.Debug|Any CPU.Build.0 = Debug|Any CPU
		{6E27EED0-BA0E-490F-BA04-0C5A4455EF8E}.Release|Any CPU.ActiveCfg = Release|Any CPU
		{6E27EED0-BA0E-490F-BA04-0C5A4455EF8E}.Release|Any CPU.Build.0 = Release|Any CPU
	EndGlobalSection
	GlobalSection(SolutionProperties) = preSolution
		HideSolutionNode = FALSE
	EndGlobalSection
	GlobalSection(ExtensibilityGlobals) = postSolution
		SolutionGuid = {CFDB6BD4-06C3-49D2-BF87-C4B5945C89EA}
	EndGlobalSection
EndGlobal
